// !$*UTF8*$!
{
	archiveVersion = 1;
	classes = {
	};
	objectVersion = 46;
	objects = {

/* Begin PBXBuildFile section */
		E10A82F81F5FFEEB00B47F0E /* AppDelegate.swift in Sources */ = {isa = PBXBuildFile; fileRef = E10A82F71F5FFEEB00B47F0E /* AppDelegate.swift */; };
		E10A82FA1F5FFEEB00B47F0E /* ViewController.swift in Sources */ = {isa = PBXBuildFile; fileRef = E10A82F91F5FFEEB00B47F0E /* ViewController.swift */; };
		E10A82FD1F5FFEEB00B47F0E /* Main.storyboard in Resources */ = {isa = PBXBuildFile; fileRef = E10A82FB1F5FFEEB00B47F0E /* Main.storyboard */; };
		E10A82FF1F5FFEEB00B47F0E /* Assets.xcassets in Resources */ = {isa = PBXBuildFile; fileRef = E10A82FE1F5FFEEB00B47F0E /* Assets.xcassets */; };
		E10A83021F5FFEEB00B47F0E /* LaunchScreen.storyboard in Resources */ = {isa = PBXBuildFile; fileRef = E10A83001F5FFEEB00B47F0E /* LaunchScreen.storyboard */; };
/* End PBXBuildFile section */

/* Begin PBXFileReference section */
		E10A82F41F5FFEEB00B47F0E /* Swift_20_NestedType.app */ = {isa = PBXFileReference; explicitFileType = wrapper.application; includeInIndex = 0; path = Swift_20_NestedType.app; sourceTree = BUILT_PRODUCTS_DIR; };
		E10A82F71F5FFEEB00B47F0E /* AppDelegate.swift */ = {isa = PBXFileReference; lastKnownFileType = sourcecode.swift; path = AppDelegate.swift; sourceTree = "<group>"; };
		E10A82F91F5FFEEB00B47F0E /* ViewController.swift */ = {isa = PBXFileReference; lastKnownFileType = sourcecode.swift; path = ViewController.swift; sourceTree = "<group>"; };
		E10A82FC1F5FFEEB00B47F0E /* Base */ = {isa = PBXFileReference; lastKnownFileType = file.storyboard; name = Base; path = Base.lproj/Main.storyboard; sourceTree = "<group>"; };
		E10A82FE1F5FFEEB00B47F0E /* Assets.xcassets */ = {isa = PBXFileReference; lastKnownFileType = folder.assetcatalog; path = Assets.xcassets; sourceTree = "<group>"; };
		E10A83011F5FFEEB00B47F0E /* Base */ = {isa = PBXFileReference; lastKnownFileType = file.storyboard; name = Base; path = Base.lproj/LaunchScreen.storyboard; sourceTree = "<group>"; };
		E10A83031F5FFEEB00B47F0E /* Info.plist */ = {isa = PBXFileReference; lastKnownFileType = text.plist.xml; path = Info.plist; sourceTree = "<group>"; };
/* End PBXFileReference section */

/* Begin PBXFrameworksBuildPhase section */
		E10A82F11F5FFEEB00B47F0E /* Frameworks */ = {
			isa = PBXFrameworksBuildPhase;
			buildActionMask = 2147483647;
			files = (
			);
			runOnlyForDeploymentPostprocessing = 0;
		};
/* End PBXFrameworksBuildPhase section */

/* Begin PBXGroup section */
		E10A82EB1F5FFEEB00B47F0E = {
			isa = PBXGroup;
			children = (
				E10A82F61F5FFEEB00B47F0E /* Swift_20_NestedType */,
				E10A82F51F5FFEEB00B47F0E /* Products */,
			);
			sourceTree = "<group>";
		};
		E10A82F51F5FFEEB00B47F0E /* Products */ = {
			isa = PBXGroup;
			children = (
				E10A82F41F5FFEEB00B47F0E /* Swift_20_NestedType.app */,
			);
			name = Products;
			sourceTree = "<group>";
		};
		E10A82F61F5FFEEB00B47F0E /* Swift_20_NestedType */ = {
			isa = PBXGroup;
			children = (
				E10A82F71F5FFEEB00B47F0E /* AppDelegate.swift */,
				E10A82F91F5FFEEB00B47F0E /* ViewController.swift */,
				E10A82FB1F5FFEEB00B47F0E /* Main.storyboard */,
				E10A82FE1F5FFEEB00B47F0E /* Assets.xcassets */,
				E10A83001F5FFEEB00B47F0E /* LaunchScreen.storyboard */,
				E10A83031F5FFEEB00B47F0E /* Info.plist */,
			);
			path = Swift_20_NestedType;
			sourceTree = "<group>";
		};
/* End PBXGroup section */

/* Begin PBXNativeTarget section */
		E10A82F31F5FFEEB00B47F0E /* Swift_20_NestedType */ = {
			isa = PBXNativeTarget;
			buildConfigurationList = E10A83061F5FFEEB00B47F0E /* Build configuration list for PBXNativeTarget "Swift_20_NestedType" */;
			buildPhases = (
				E10A82F01F5FFEEB00B47F0E /* Sources */,
				E10A82F11F5FFEEB00B47F0E /* Frameworks */,
				E10A82F21F5FFEEB00B47F0E /* Resources */,
			);
			buildRules = (
			);
			dependencies = (
			);
			name = Swift_20_NestedType;
			productName = Swift_20_NestedType;
			productReference = E10A82F41F5FFEEB00B47F0E /* Swift_20_NestedType.app */;
			productType = "com.apple.product-type.application";
		};
/* End PBXNativeTarget section */

/* Begin PBXProject section */
		E10A82EC1F5FFEEB00B47F0E /* Project object */ = {
			isa = PBXProject;
			attributes = {
				LastSwiftUpdateCheck = 0830;
				LastUpgradeCheck = 0830;
				ORGANIZATIONNAME = VermouthC;
				TargetAttributes = {
					E10A82F31F5FFEEB00B47F0E = {
						CreatedOnToolsVersion = 8.3.3;
						DevelopmentTeam = R8K9Q22ACU;
						ProvisioningStyle = Automatic;
					};
				};
			};
			buildConfigurationList = E10A82EF1F5FFEEB00B47F0E /* Build configuration list for PBXProject "Swift_20_NestedType" */;
			compatibilityVersion = "Xcode 3.2";
			developmentRegion = English;
			hasScannedForEncodings = 0;
			knownRegions = (
				en,
				Base,
			);
			mainGroup = E10A82EB1F5FFEEB00B47F0E;
			productRefGroup = E10A82F51F5FFEEB00B47F0E /* Products */;
			projectDirPath = "";
			projectRoot = "";
			targets = (
				E10A82F31F5FFEEB00B47F0E /* Swift_20_NestedType */,
			);
		};
/* End PBXProject section */

/* Begin PBXResourcesBuildPhase section */
		E10A82F21F5FFEEB00B47F0E /* Resources */ = {
			isa = PBXResourcesBuildPhase;
			buildActionMask = 2147483647;
			files = (
				E10A83021F5FFEEB00B47F0E /* LaunchScreen.storyboard in Resources */,
				E10A82FF1F5FFEEB00B47F0E /* Assets.xcassets in Resources */,
				E10A82FD1F5FFEEB00B47F0E /* Main.storyboard in Resources */,
			);
			runOnlyForDeploymentPostprocessing = 0;
		};
/* End PBXResourcesBuildPhase section */

/* Begin PBXSourcesBuildPhase section */
		E10A82F01F5FFEEB00B47F0E /* Sources */ = {
			isa = PBXSourcesBuildPhase;
			buildActionMask = 2147483647;
			files = (
				E10A82FA1F5FFEEB00B47F0E /* ViewController.swift in Sources */,
				E10A82F81F5FFEEB00B47F0E /* AppDelegate.swift in Sources */,
			);
			runOnlyForDeploymentPostprocessing = 0;
		};
/* End PBXSourcesBuildPhase section */

/* Begin PBXVariantGroup section */
		E10A82FB1F5FFEEB00B47F0E /* Main.storyboard */ = {
			isa = PBXVariantGroup;
			children = (
				E10A82FC1F5FFEEB00B47F0E /* Base */,
			);
			name = Main.storyboard;
			sourceTree = "<group>";
		};
		E10A83001F5FFEEB00B47F0E /* LaunchScreen.storyboard */ = {
			isa = PBXVariantGroup;
			children = (
				E10A83011F5FFEEB00B47F0E /* Base */,
			);
			name = LaunchScreen.storyboard;
			sourceTree = "<group>";
		};
/* End PBXVariantGroup section */

/* Begin XCBuildConfiguration section */
		E10A83041F5FFEEB00B47F0E /* Debug */ = {
			isa = XCBuildConfiguration;
			buildSettings = {
				ALWAYS_SEARCH_USER_PATHS = NO;
				CLANG_ANALYZER_NONNULL = YES;
				CLANG_ANALYZER_NUMBER_OBJECT_CONVERSION = YES_AGGRESSIVE;
				CLANG_CXX_LANGUAGE_STANDARD = "gnu++0x";
				CLANG_CXX_LIBRARY = "libc++";
				CLANG_ENABLE_MODULES = YES;
				CLANG_ENABLE_OBJC_ARC = YES;
				CLANG_WARN_BOOL_CONVERSION = YES;
				CLANG_WARN_CONSTANT_CONVERSION = YES;
				CLANG_WARN_DIRECT_OBJC_ISA_USAGE = YES_ERROR;
				CLANG_WARN_DOCUMENTATION_COMMENTS = YES;
				CLANG_WARN_EMPTY_BODY = YES;
				CLANG_WARN_ENUM_CONVERSION = YES;
				CLANG_WARN_INFINITE_RECURSION = YES;
				CLANG_WARN_INT_CONVERSION = YES;
				CLANG_WARN_OBJC_ROOT_CLASS = YES_ERROR;
				CLANG_WARN_SUSPICIOUS_MOVE = YES;
				CLANG_WARN_UNREACHABLE_CODE = YES;
				CLANG_WARN__DUPLICATE_METHOD_MATCH = YES;
				"CODE_SIGN_IDENTITY[sdk=iphoneos*]" = "iPhone Developer";
				COPY_PHASE_STRIP = NO;
				DEBUG_INFORMATION_FORMAT = dwarf;
				ENABLE_STRICT_OBJC_MSGSEND = YES;
				ENABLE_TESTABILITY = YES;
				GCC_C_LANGUAGE_STANDARD = gnu99;
				GCC_DYNAMIC_NO_PIC = NO;
				GCC_NO_COMMON_BLOCKS = YES;
				GCC_OPTIMIZATION_LEVEL = 0;
				GCC_PREPROCESSOR_DEFINITIONS = (
					"DEBUG=1",
					"$(inherited)",
				);
				GCC_WARN_64_TO_32_BIT_CONVERSION = YES;
				GCC_WARN_ABOUT_RETURN_TYPE = YES_ERROR;
				GCC_WARN_UNDECLARED_SELECTOR = YES;
				GCC_WARN_UNINITIALIZED_AUTOS = YES_AGGRESSIVE;
				GCC_WARN_UNUSED_FUNCTION = YES;
				GCC_WARN_UNUSED_VARIABLE = YES;
				IPHONEOS_DEPLOYMENT_TARGET = 10.3;
				MTL_ENABLE_DEBUG_INFO = YES;
				ONLY_ACTIVE_ARCH = YES;
				SDKROOT = iphoneos;
				SWIFT_ACTIVE_COMPILATION_CONDITIONS = DEBUG;
				SWIFT_OPTIMIZATION_LEVEL = "-Onone";
			};
			name = Debug;
		};
		E10A83051F5FFEEB00B47F0E /* Release */ = {
			isa = XCBuildConfiguration;
			buildSettings = {
				ALWAYS_SEARCH_USER_PATHS = NO;
				CLANG_ANALYZER_NONNULL = YES;
				CLANG_ANALYZER_NUMBER_OBJECT_CONVERSION = YES_AGGRESSIVE;
				CLANG_CXX_LANGUAGE_STANDARD = "gnu++0x";
				CLANG_CXX_LIBRARY = "libc++";
				CLANG_ENABLE_MODULES = YES;
				CLANG_ENABLE_OBJC_ARC = YES;
				CLANG_WARN_BOOL_CONVERSION = YES;
				CLANG_WARN_CONSTANT_CONVERSION = YES;
				CLANG_WARN_DIRECT_OBJC_ISA_USAGE = YES_ERROR;
				CLANG_WARN_DOCUMENTATION_COMMENTS = YES;
				CLANG_WARN_EMPTY_BODY = YES;
				CLANG_WARN_ENUM_CONVERSION = YES;
				CLANG_WARN_INFINITE_RECURSION = YES;
				CLANG_WARN_INT_CONVERSION = YES;
				CLANG_WARN_OBJC_ROOT_CLASS = YES_ERROR;
				CLANG_WARN_SUSPICIOUS_MOVE = YES;
				CLANG_WARN_UNREACHABLE_CODE = YES;
				CLANG_WARN__DUPLICATE_METHOD_MATCH = YES;
				"CODE_SIGN_IDENTITY[sdk=iphoneos*]" = "iPhone Developer";
				COPY_PHASE_STRIP = NO;
				DEBUG_INFORMATION_FORMAT = "dwarf-with-dsym";
				ENABLE_NS_ASSERTIONS = NO;
				ENABLE_STRICT_OBJC_MSGSEND = YES;
				GCC_C_LANGUAGE_STANDARD = gnu99;
				GCC_NO_COMMON_BLOCKS = YES;
				GCC_WARN_64_TO_32_BIT_CONVERSION = YES;
				GCC_WARN_ABOUT_RETURN_TYPE = YES_ERROR;
				GCC_WARN_UNDECLARED_SELECTOR = YES;
				GCC_WARN_UNINITIALIZED_AUTOS = YES_AGGRESSIVE;
				GCC_WARN_UNUSED_FUNCTION = YES;
				GCC_WARN_UNUSED_VARIABLE = YES;
				IPHONEOS_DEPLOYMENT_TARGET = 10.3;
				MTL_ENABLE_DEBUG_INFO = NO;
				SDKROOT = iphoneos;
				SWIFT_OPTIMIZATION_LEVEL = "-Owholemodule";
				VALIDATE_PRODUCT = YES;
			};
			name = Release;
		};
		E10A83071F5FFEEB00B47F0E /* Debug */ = {
			isa = XCBuildConfiguration;
			buildSettings = {
				ASSETCATALOG_COMPILER_APPICON_NAME = AppIcon;
				DEVELOPMENT_TEAM = R8K9Q22ACU;
				INFOPLIST_FILE = Swift_20_NestedType/Info.plist;
				LD_RUNPATH_SEARCH_PATHS = "$(inherited) @executable_path/Frameworks";
				PRODUCT_BUNDLE_IDENTIFIER = "com.VermouthC.Swift-20-NestedType";
				PRODUCT_NAME = "$(TARGET_NAME)";
				SWIFT_VERSION = 3.0;
			};
			name = Debug;
		};
		E10A83081F5FFEEB00B47F0E /* Release */ = {
			isa = XCBuildConfiguration;
			buildSettings = {
				ASSETCATALOG_COMPILER_APPICON_NAME = AppIcon;
				DEVELOPMENT_TEAM = R8K9Q22ACU;
				INFOPLIST_FILE = Swift_20_NestedType/Info.plist;
				LD_RUNPATH_SEARCH_PATHS = "$(inherited) @executable_path/Frameworks";
				PRODUCT_BUNDLE_IDENTIFIER = "com.VermouthC.Swift-20-NestedType";
				PRODUCT_NAME = "$(TARGET_NAME)";
				SWIFT_VERSION = 3.0;
			};
			name = Release;
		};
/* End XCBuildConfiguration section */

/* Begin XCConfigurationList section */
		E10A82EF1F5FFEEB00B47F0E /* Build configuration list for PBXProject "Swift_20_NestedType" */ = {
			isa = XCConfigurationList;
			buildConfigurations = (
				E10A83041F5FFEEB00B47F0E /* Debug */,
				E10A83051F5FFEEB00B47F0E /* Release */,
			);
			defaultConfigurationIsVisible = 0;
			defaultConfigurationName = Release;
		};
		E10A83061F5FFEEB00B47F0E /* Build configuration list for PBXNativeTarget "Swift_20_NestedType" */ = {
			isa = XCConfigurationList;
			buildConfigurations = (
				E10A83071F5FFEEB00B47F0E /* Debug */,
				E10A83081F5FFEEB00B47F0E /* Release */,
			);
			defaultConfigurationIsVisible = 0;
		};
/* End XCConfigurationList section */
	};
	rootObject = E10A82EC1F5FFEEB00B47F0E /* Project object */;
}
