// !$*UTF8*$!
{
	archiveVersion = 1;
	classes = {
	};
	objectVersion = 46;
	objects = {

/* Begin PBXBuildFile section */
		E18D2B1D1F346BC300F5CE8E /* AppDelegate.swift in Sources */ = {isa = PBXBuildFile; fileRef = E18D2B1C1F346BC300F5CE8E /* AppDelegate.swift */; };
		E18D2B1F1F346BC300F5CE8E /* ViewController.swift in Sources */ = {isa = PBXBuildFile; fileRef = E18D2B1E1F346BC300F5CE8E /* ViewController.swift */; };
		E18D2B221F346BC300F5CE8E /* Main.storyboard in Resources */ = {isa = PBXBuildFile; fileRef = E18D2B201F346BC300F5CE8E /* Main.storyboard */; };
		E18D2B241F346BC300F5CE8E /* Assets.xcassets in Resources */ = {isa = PBXBuildFile; fileRef = E18D2B231F346BC300F5CE8E /* Assets.xcassets */; };
		E18D2B271F346BC300F5CE8E /* LaunchScreen.storyboard in Resources */ = {isa = PBXBuildFile; fileRef = E18D2B251F346BC300F5CE8E /* LaunchScreen.storyboard */; };
		E18D2B321F346BC300F5CE8E /* Swift_BasicsTests.swift in Sources */ = {isa = PBXBuildFile; fileRef = E18D2B311F346BC300F5CE8E /* Swift_BasicsTests.swift */; };
		E18D2B3D1F346BC300F5CE8E /* Swift_BasicsUITests.swift in Sources */ = {isa = PBXBuildFile; fileRef = E18D2B3C1F346BC300F5CE8E /* Swift_BasicsUITests.swift */; };
/* End PBXBuildFile section */

/* Begin PBXContainerItemProxy section */
		E18D2B2E1F346BC300F5CE8E /* PBXContainerItemProxy */ = {
			isa = PBXContainerItemProxy;
			containerPortal = E18D2B111F346BC300F5CE8E /* Project object */;
			proxyType = 1;
			remoteGlobalIDString = E18D2B181F346BC300F5CE8E;
			remoteInfo = Swift_Basics;
		};
		E18D2B391F346BC300F5CE8E /* PBXContainerItemProxy */ = {
			isa = PBXContainerItemProxy;
			containerPortal = E18D2B111F346BC300F5CE8E /* Project object */;
			proxyType = 1;
			remoteGlobalIDString = E18D2B181F346BC300F5CE8E;
			remoteInfo = Swift_Basics;
		};
/* End PBXContainerItemProxy section */

/* Begin PBXFileReference section */
		E18D2B191F346BC300F5CE8E /* Swift_Basics.app */ = {isa = PBXFileReference; explicitFileType = wrapper.application; includeInIndex = 0; path = Swift_Basics.app; sourceTree = BUILT_PRODUCTS_DIR; };
		E18D2B1C1F346BC300F5CE8E /* AppDelegate.swift */ = {isa = PBXFileReference; lastKnownFileType = sourcecode.swift; path = AppDelegate.swift; sourceTree = "<group>"; };
		E18D2B1E1F346BC300F5CE8E /* ViewController.swift */ = {isa = PBXFileReference; lastKnownFileType = sourcecode.swift; path = ViewController.swift; sourceTree = "<group>"; };
		E18D2B211F346BC300F5CE8E /* Base */ = {isa = PBXFileReference; lastKnownFileType = file.storyboard; name = Base; path = Base.lproj/Main.storyboard; sourceTree = "<group>"; };
		E18D2B231F346BC300F5CE8E /* Assets.xcassets */ = {isa = PBXFileReference; lastKnownFileType = folder.assetcatalog; path = Assets.xcassets; sourceTree = "<group>"; };
		E18D2B261F346BC300F5CE8E /* Base */ = {isa = PBXFileReference; lastKnownFileType = file.storyboard; name = Base; path = Base.lproj/LaunchScreen.storyboard; sourceTree = "<group>"; };
		E18D2B281F346BC300F5CE8E /* Info.plist */ = {isa = PBXFileReference; lastKnownFileType = text.plist.xml; path = Info.plist; sourceTree = "<group>"; };
		E18D2B2D1F346BC300F5CE8E /* Swift_BasicsTests.xctest */ = {isa = PBXFileReference; explicitFileType = wrapper.cfbundle; includeInIndex = 0; path = Swift_BasicsTests.xctest; sourceTree = BUILT_PRODUCTS_DIR; };
		E18D2B311F346BC300F5CE8E /* Swift_BasicsTests.swift */ = {isa = PBXFileReference; lastKnownFileType = sourcecode.swift; path = Swift_BasicsTests.swift; sourceTree = "<group>"; };
		E18D2B331F346BC300F5CE8E /* Info.plist */ = {isa = PBXFileReference; lastKnownFileType = text.plist.xml; path = Info.plist; sourceTree = "<group>"; };
		E18D2B381F346BC300F5CE8E /* Swift_BasicsUITests.xctest */ = {isa = PBXFileReference; explicitFileType = wrapper.cfbundle; includeInIndex = 0; path = Swift_BasicsUITests.xctest; sourceTree = BUILT_PRODUCTS_DIR; };
		E18D2B3C1F346BC300F5CE8E /* Swift_BasicsUITests.swift */ = {isa = PBXFileReference; lastKnownFileType = sourcecode.swift; path = Swift_BasicsUITests.swift; sourceTree = "<group>"; };
		E18D2B3E1F346BC300F5CE8E /* Info.plist */ = {isa = PBXFileReference; lastKnownFileType = text.plist.xml; path = Info.plist; sourceTree = "<group>"; };
/* End PBXFileReference section */

/* Begin PBXFrameworksBuildPhase section */
		E18D2B161F346BC300F5CE8E /* Frameworks */ = {
			isa = PBXFrameworksBuildPhase;
			buildActionMask = 2147483647;
			files = (
			);
			runOnlyForDeploymentPostprocessing = 0;
		};
		E18D2B2A1F346BC300F5CE8E /* Frameworks */ = {
			isa = PBXFrameworksBuildPhase;
			buildActionMask = 2147483647;
			files = (
			);
			runOnlyForDeploymentPostprocessing = 0;
		};
		E18D2B351F346BC300F5CE8E /* Frameworks */ = {
			isa = PBXFrameworksBuildPhase;
			buildActionMask = 2147483647;
			files = (
			);
			runOnlyForDeploymentPostprocessing = 0;
		};
/* End PBXFrameworksBuildPhase section */

/* Begin PBXGroup section */
		E18D2B101F346BC300F5CE8E = {
			isa = PBXGroup;
			children = (
				E18D2B1B1F346BC300F5CE8E /* Swift_Basics */,
				E18D2B301F346BC300F5CE8E /* Swift_BasicsTests */,
				E18D2B3B1F346BC300F5CE8E /* Swift_BasicsUITests */,
				E18D2B1A1F346BC300F5CE8E /* Products */,
			);
			sourceTree = "<group>";
		};
		E18D2B1A1F346BC300F5CE8E /* Products */ = {
			isa = PBXGroup;
			children = (
				E18D2B191F346BC300F5CE8E /* Swift_Basics.app */,
				E18D2B2D1F346BC300F5CE8E /* Swift_BasicsTests.xctest */,
				E18D2B381F346BC300F5CE8E /* Swift_BasicsUITests.xctest */,
			);
			name = Products;
			sourceTree = "<group>";
		};
		E18D2B1B1F346BC300F5CE8E /* Swift_Basics */ = {
			isa = PBXGroup;
			children = (
				E18D2B1C1F346BC300F5CE8E /* AppDelegate.swift */,
				E18D2B1E1F346BC300F5CE8E /* ViewController.swift */,
				E18D2B201F346BC300F5CE8E /* Main.storyboard */,
				E18D2B231F346BC300F5CE8E /* Assets.xcassets */,
				E18D2B251F346BC300F5CE8E /* LaunchScreen.storyboard */,
				E18D2B281F346BC300F5CE8E /* Info.plist */,
			);
			path = Swift_Basics;
			sourceTree = "<group>";
		};
		E18D2B301F346BC300F5CE8E /* Swift_BasicsTests */ = {
			isa = PBXGroup;
			children = (
				E18D2B311F346BC300F5CE8E /* Swift_BasicsTests.swift */,
				E18D2B331F346BC300F5CE8E /* Info.plist */,
			);
			path = Swift_BasicsTests;
			sourceTree = "<group>";
		};
		E18D2B3B1F346BC300F5CE8E /* Swift_BasicsUITests */ = {
			isa = PBXGroup;
			children = (
				E18D2B3C1F346BC300F5CE8E /* Swift_BasicsUITests.swift */,
				E18D2B3E1F346BC300F5CE8E /* Info.plist */,
			);
			path = Swift_BasicsUITests;
			sourceTree = "<group>";
		};
/* End PBXGroup section */

/* Begin PBXNativeTarget section */
		E18D2B181F346BC300F5CE8E /* Swift_Basics */ = {
			isa = PBXNativeTarget;
			buildConfigurationList = E18D2B411F346BC300F5CE8E /* Build configuration list for PBXNativeTarget "Swift_Basics" */;
			buildPhases = (
				E18D2B151F346BC300F5CE8E /* Sources */,
				E18D2B161F346BC300F5CE8E /* Frameworks */,
				E18D2B171F346BC300F5CE8E /* Resources */,
			);
			buildRules = (
			);
			dependencies = (
			);
			name = Swift_Basics;
			productName = Swift_Basics;
			productReference = E18D2B191F346BC300F5CE8E /* Swift_Basics.app */;
			productType = "com.apple.product-type.application";
		};
		E18D2B2C1F346BC300F5CE8E /* Swift_BasicsTests */ = {
			isa = PBXNativeTarget;
			buildConfigurationList = E18D2B441F346BC300F5CE8E /* Build configuration list for PBXNativeTarget "Swift_BasicsTests" */;
			buildPhases = (
				E18D2B291F346BC300F5CE8E /* Sources */,
				E18D2B2A1F346BC300F5CE8E /* Frameworks */,
				E18D2B2B1F346BC300F5CE8E /* Resources */,
			);
			buildRules = (
			);
			dependencies = (
				E18D2B2F1F346BC300F5CE8E /* PBXTargetDependency */,
			);
			name = Swift_BasicsTests;
			productName = Swift_BasicsTests;
			productReference = E18D2B2D1F346BC300F5CE8E /* Swift_BasicsTests.xctest */;
			productType = "com.apple.product-type.bundle.unit-test";
		};
		E18D2B371F346BC300F5CE8E /* Swift_BasicsUITests */ = {
			isa = PBXNativeTarget;
			buildConfigurationList = E18D2B471F346BC300F5CE8E /* Build configuration list for PBXNativeTarget "Swift_BasicsUITests" */;
			buildPhases = (
				E18D2B341F346BC300F5CE8E /* Sources */,
				E18D2B351F346BC300F5CE8E /* Frameworks */,
				E18D2B361F346BC300F5CE8E /* Resources */,
			);
			buildRules = (
			);
			dependencies = (
				E18D2B3A1F346BC300F5CE8E /* PBXTargetDependency */,
			);
			name = Swift_BasicsUITests;
			productName = Swift_BasicsUITests;
			productReference = E18D2B381F346BC300F5CE8E /* Swift_BasicsUITests.xctest */;
			productType = "com.apple.product-type.bundle.ui-testing";
		};
/* End PBXNativeTarget section */

/* Begin PBXProject section */
		E18D2B111F346BC300F5CE8E /* Project object */ = {
			isa = PBXProject;
			attributes = {
				LastSwiftUpdateCheck = 0830;
				LastUpgradeCheck = 0830;
				ORGANIZATIONNAME = VermouthC;
				TargetAttributes = {
					E18D2B181F346BC300F5CE8E = {
						CreatedOnToolsVersion = 8.3.3;
						DevelopmentTeam = R8K9Q22ACU;
						ProvisioningStyle = Automatic;
					};
					E18D2B2C1F346BC300F5CE8E = {
						CreatedOnToolsVersion = 8.3.3;
						DevelopmentTeam = R8K9Q22ACU;
						ProvisioningStyle = Automatic;
						TestTargetID = E18D2B181F346BC300F5CE8E;
					};
					E18D2B371F346BC300F5CE8E = {
						CreatedOnToolsVersion = 8.3.3;
						DevelopmentTeam = R8K9Q22ACU;
						ProvisioningStyle = Automatic;
						TestTargetID = E18D2B181F346BC300F5CE8E;
					};
				};
			};
			buildConfigurationList = E18D2B141F346BC300F5CE8E /* Build configuration list for PBXProject "Swift_Basics" */;
			compatibilityVersion = "Xcode 3.2";
			developmentRegion = English;
			hasScannedForEncodings = 0;
			knownRegions = (
				en,
				Base,
			);
			mainGroup = E18D2B101F346BC300F5CE8E;
			productRefGroup = E18D2B1A1F346BC300F5CE8E /* Products */;
			projectDirPath = "";
			projectRoot = "";
			targets = (
				E18D2B181F346BC300F5CE8E /* Swift_Basics */,
				E18D2B2C1F346BC300F5CE8E /* Swift_BasicsTests */,
				E18D2B371F346BC300F5CE8E /* Swift_BasicsUITests */,
			);
		};
/* End PBXProject section */

/* Begin PBXResourcesBuildPhase section */
		E18D2B171F346BC300F5CE8E /* Resources */ = {
			isa = PBXResourcesBuildPhase;
			buildActionMask = 2147483647;
			files = (
				E18D2B271F346BC300F5CE8E /* LaunchScreen.storyboard in Resources */,
				E18D2B241F346BC300F5CE8E /* Assets.xcassets in Resources */,
				E18D2B221F346BC300F5CE8E /* Main.storyboard in Resources */,
			);
			runOnlyForDeploymentPostprocessing = 0;
		};
		E18D2B2B1F346BC300F5CE8E /* Resources */ = {
			isa = PBXResourcesBuildPhase;
			buildActionMask = 2147483647;
			files = (
			);
			runOnlyForDeploymentPostprocessing = 0;
		};
		E18D2B361F346BC300F5CE8E /* Resources */ = {
			isa = PBXResourcesBuildPhase;
			buildActionMask = 2147483647;
			files = (
			);
			runOnlyForDeploymentPostprocessing = 0;
		};
/* End PBXResourcesBuildPhase section */

/* Begin PBXSourcesBuildPhase section */
		E18D2B151F346BC300F5CE8E /* Sources */ = {
			isa = PBXSourcesBuildPhase;
			buildActionMask = 2147483647;
			files = (
				E18D2B1F1F346BC300F5CE8E /* ViewController.swift in Sources */,
				E18D2B1D1F346BC300F5CE8E /* AppDelegate.swift in Sources */,
			);
			runOnlyForDeploymentPostprocessing = 0;
		};
		E18D2B291F346BC300F5CE8E /* Sources */ = {
			isa = PBXSourcesBuildPhase;
			buildActionMask = 2147483647;
			files = (
				E18D2B321F346BC300F5CE8E /* Swift_BasicsTests.swift in Sources */,
			);
			runOnlyForDeploymentPostprocessing = 0;
		};
		E18D2B341F346BC300F5CE8E /* Sources */ = {
			isa = PBXSourcesBuildPhase;
			buildActionMask = 2147483647;
			files = (
				E18D2B3D1F346BC300F5CE8E /* Swift_BasicsUITests.swift in Sources */,
			);
			runOnlyForDeploymentPostprocessing = 0;
		};
/* End PBXSourcesBuildPhase section */

/* Begin PBXTargetDependency section */
		E18D2B2F1F346BC300F5CE8E /* PBXTargetDependency */ = {
			isa = PBXTargetDependency;
			target = E18D2B181F346BC300F5CE8E /* Swift_Basics */;
			targetProxy = E18D2B2E1F346BC300F5CE8E /* PBXContainerItemProxy */;
		};
		E18D2B3A1F346BC300F5CE8E /* PBXTargetDependency */ = {
			isa = PBXTargetDependency;
			target = E18D2B181F346BC300F5CE8E /* Swift_Basics */;
			targetProxy = E18D2B391F346BC300F5CE8E /* PBXContainerItemProxy */;
		};
/* End PBXTargetDependency section */

/* Begin PBXVariantGroup section */
		E18D2B201F346BC300F5CE8E /* Main.storyboard */ = {
			isa = PBXVariantGroup;
			children = (
				E18D2B211F346BC300F5CE8E /* Base */,
			);
			name = Main.storyboard;
			sourceTree = "<group>";
		};
		E18D2B251F346BC300F5CE8E /* LaunchScreen.storyboard */ = {
			isa = PBXVariantGroup;
			children = (
				E18D2B261F346BC300F5CE8E /* Base */,
			);
			name = LaunchScreen.storyboard;
			sourceTree = "<group>";
		};
/* End PBXVariantGroup section */

/* Begin XCBuildConfiguration section */
		E18D2B3F1F346BC300F5CE8E /* Debug */ = {
			isa = XCBuildConfiguration;
			buildSettings = {
				ALWAYS_SEARCH_USER_PATHS = NO;
				CLANG_ANALYZER_NONNULL = YES;
				CLANG_ANALYZER_NUMBER_OBJECT_CONVERSION = YES_AGGRESSIVE;
				CLANG_CXX_LANGUAGE_STANDARD = "gnu++0x";
				CLANG_CXX_LIBRARY = "libc++";
				CLANG_ENABLE_MODULES = YES;
				CLANG_ENABLE_OBJC_ARC = YES;
				CLANG_WARN_BOOL_CONVERSION = YES;
				CLANG_WARN_CONSTANT_CONVERSION = YES;
				CLANG_WARN_DIRECT_OBJC_ISA_USAGE = YES_ERROR;
				CLANG_WARN_DOCUMENTATION_COMMENTS = YES;
				CLANG_WARN_EMPTY_BODY = YES;
				CLANG_WARN_ENUM_CONVERSION = YES;
				CLANG_WARN_INFINITE_RECURSION = YES;
				CLANG_WARN_INT_CONVERSION = YES;
				CLANG_WARN_OBJC_ROOT_CLASS = YES_ERROR;
				CLANG_WARN_SUSPICIOUS_MOVE = YES;
				CLANG_WARN_UNREACHABLE_CODE = YES;
				CLANG_WARN__DUPLICATE_METHOD_MATCH = YES;
				"CODE_SIGN_IDENTITY[sdk=iphoneos*]" = "iPhone Developer";
				COPY_PHASE_STRIP = NO;
				DEBUG_INFORMATION_FORMAT = dwarf;
				ENABLE_STRICT_OBJC_MSGSEND = YES;
				ENABLE_TESTABILITY = YES;
				GCC_C_LANGUAGE_STANDARD = gnu99;
				GCC_DYNAMIC_NO_PIC = NO;
				GCC_NO_COMMON_BLOCKS = YES;
				GCC_OPTIMIZATION_LEVEL = 0;
				GCC_PREPROCESSOR_DEFINITIONS = (
					"DEBUG=1",
					"$(inherited)",
				);
				GCC_WARN_64_TO_32_BIT_CONVERSION = YES;
				GCC_WARN_ABOUT_RETURN_TYPE = YES_ERROR;
				GCC_WARN_UNDECLARED_SELECTOR = YES;
				GCC_WARN_UNINITIALIZED_AUTOS = YES_AGGRESSIVE;
				GCC_WARN_UNUSED_FUNCTION = YES;
				GCC_WARN_UNUSED_VARIABLE = YES;
				IPHONEOS_DEPLOYMENT_TARGET = 10.3;
				MTL_ENABLE_DEBUG_INFO = YES;
				ONLY_ACTIVE_ARCH = YES;
				SDKROOT = iphoneos;
				SWIFT_ACTIVE_COMPILATION_CONDITIONS = DEBUG;
				SWIFT_OPTIMIZATION_LEVEL = "-Onone";
			};
			name = Debug;
		};
		E18D2B401F346BC300F5CE8E /* Release */ = {
			isa = XCBuildConfiguration;
			buildSettings = {
				ALWAYS_SEARCH_USER_PATHS = NO;
				CLANG_ANALYZER_NONNULL = YES;
				CLANG_ANALYZER_NUMBER_OBJECT_CONVERSION = YES_AGGRESSIVE;
				CLANG_CXX_LANGUAGE_STANDARD = "gnu++0x";
				CLANG_CXX_LIBRARY = "libc++";
				CLANG_ENABLE_MODULES = YES;
				CLANG_ENABLE_OBJC_ARC = YES;
				CLANG_WARN_BOOL_CONVERSION = YES;
				CLANG_WARN_CONSTANT_CONVERSION = YES;
				CLANG_WARN_DIRECT_OBJC_ISA_USAGE = YES_ERROR;
				CLANG_WARN_DOCUMENTATION_COMMENTS = YES;
				CLANG_WARN_EMPTY_BODY = YES;
				CLANG_WARN_ENUM_CONVERSION = YES;
				CLANG_WARN_INFINITE_RECURSION = YES;
				CLANG_WARN_INT_CONVERSION = YES;
				CLANG_WARN_OBJC_ROOT_CLASS = YES_ERROR;
				CLANG_WARN_SUSPICIOUS_MOVE = YES;
				CLANG_WARN_UNREACHABLE_CODE = YES;
				CLANG_WARN__DUPLICATE_METHOD_MATCH = YES;
				"CODE_SIGN_IDENTITY[sdk=iphoneos*]" = "iPhone Developer";
				COPY_PHASE_STRIP = NO;
				DEBUG_INFORMATION_FORMAT = "dwarf-with-dsym";
				ENABLE_NS_ASSERTIONS = NO;
				ENABLE_STRICT_OBJC_MSGSEND = YES;
				GCC_C_LANGUAGE_STANDARD = gnu99;
				GCC_NO_COMMON_BLOCKS = YES;
				GCC_WARN_64_TO_32_BIT_CONVERSION = YES;
				GCC_WARN_ABOUT_RETURN_TYPE = YES_ERROR;
				GCC_WARN_UNDECLARED_SELECTOR = YES;
				GCC_WARN_UNINITIALIZED_AUTOS = YES_AGGRESSIVE;
				GCC_WARN_UNUSED_FUNCTION = YES;
				GCC_WARN_UNUSED_VARIABLE = YES;
				IPHONEOS_DEPLOYMENT_TARGET = 10.3;
				MTL_ENABLE_DEBUG_INFO = NO;
				SDKROOT = iphoneos;
				SWIFT_OPTIMIZATION_LEVEL = "-Owholemodule";
				VALIDATE_PRODUCT = YES;
			};
			name = Release;
		};
		E18D2B421F346BC300F5CE8E /* Debug */ = {
			isa = XCBuildConfiguration;
			buildSettings = {
				ASSETCATALOG_COMPILER_APPICON_NAME = AppIcon;
				DEVELOPMENT_TEAM = R8K9Q22ACU;
				INFOPLIST_FILE = Swift_Basics/Info.plist;
				LD_RUNPATH_SEARCH_PATHS = "$(inherited) @executable_path/Frameworks";
				PRODUCT_BUNDLE_IDENTIFIER = "com.VermouthC.Swift-Basics";
				PRODUCT_NAME = "$(TARGET_NAME)";
				SWIFT_VERSION = 3.0;
			};
			name = Debug;
		};
		E18D2B431F346BC300F5CE8E /* Release */ = {
			isa = XCBuildConfiguration;
			buildSettings = {
				ASSETCATALOG_COMPILER_APPICON_NAME = AppIcon;
				DEVELOPMENT_TEAM = R8K9Q22ACU;
				INFOPLIST_FILE = Swift_Basics/Info.plist;
				LD_RUNPATH_SEARCH_PATHS = "$(inherited) @executable_path/Frameworks";
				PRODUCT_BUNDLE_IDENTIFIER = "com.VermouthC.Swift-Basics";
				PRODUCT_NAME = "$(TARGET_NAME)";
				SWIFT_VERSION = 3.0;
			};
			name = Release;
		};
		E18D2B451F346BC300F5CE8E /* Debug */ = {
			isa = XCBuildConfiguration;
			buildSettings = {
				ALWAYS_EMBED_SWIFT_STANDARD_LIBRARIES = YES;
				BUNDLE_LOADER = "$(TEST_HOST)";
				DEVELOPMENT_TEAM = R8K9Q22ACU;
				INFOPLIST_FILE = Swift_BasicsTests/Info.plist;
				LD_RUNPATH_SEARCH_PATHS = "$(inherited) @executable_path/Frameworks @loader_path/Frameworks";
				PRODUCT_BUNDLE_IDENTIFIER = "com.VermouthC.Swift-BasicsTests";
				PRODUCT_NAME = "$(TARGET_NAME)";
				SWIFT_VERSION = 3.0;
				TEST_HOST = "$(BUILT_PRODUCTS_DIR)/Swift_Basics.app/Swift_Basics";
			};
			name = Debug;
		};
		E18D2B461F346BC300F5CE8E /* Release */ = {
			isa = XCBuildConfiguration;
			buildSettings = {
				ALWAYS_EMBED_SWIFT_STANDARD_LIBRARIES = YES;
				BUNDLE_LOADER = "$(TEST_HOST)";
				DEVELOPMENT_TEAM = R8K9Q22ACU;
				INFOPLIST_FILE = Swift_BasicsTests/Info.plist;
				LD_RUNPATH_SEARCH_PATHS = "$(inherited) @executable_path/Frameworks @loader_path/Frameworks";
				PRODUCT_BUNDLE_IDENTIFIER = "com.VermouthC.Swift-BasicsTests";
				PRODUCT_NAME = "$(TARGET_NAME)";
				SWIFT_VERSION = 3.0;
				TEST_HOST = "$(BUILT_PRODUCTS_DIR)/Swift_Basics.app/Swift_Basics";
			};
			name = Release;
		};
		E18D2B481F346BC300F5CE8E /* Debug */ = {
			isa = XCBuildConfiguration;
			buildSettings = {
				ALWAYS_EMBED_SWIFT_STANDARD_LIBRARIES = YES;
				DEVELOPMENT_TEAM = R8K9Q22ACU;
				INFOPLIST_FILE = Swift_BasicsUITests/Info.plist;
				LD_RUNPATH_SEARCH_PATHS = "$(inherited) @executable_path/Frameworks @loader_path/Frameworks";
				PRODUCT_BUNDLE_IDENTIFIER = "com.VermouthC.Swift-BasicsUITests";
				PRODUCT_NAME = "$(TARGET_NAME)";
				SWIFT_VERSION = 3.0;
				TEST_TARGET_NAME = Swift_Basics;
			};
			name = Debug;
		};
		E18D2B491F346BC300F5CE8E /* Release */ = {
			isa = XCBuildConfiguration;
			buildSettings = {
				ALWAYS_EMBED_SWIFT_STANDARD_LIBRARIES = YES;
				DEVELOPMENT_TEAM = R8K9Q22ACU;
				INFOPLIST_FILE = Swift_BasicsUITests/Info.plist;
				LD_RUNPATH_SEARCH_PATHS = "$(inherited) @executable_path/Frameworks @loader_path/Frameworks";
				PRODUCT_BUNDLE_IDENTIFIER = "com.VermouthC.Swift-BasicsUITests";
				PRODUCT_NAME = "$(TARGET_NAME)";
				SWIFT_VERSION = 3.0;
				TEST_TARGET_NAME = Swift_Basics;
			};
			name = Release;
		};
/* End XCBuildConfiguration section */

/* Begin XCConfigurationList section */
		E18D2B141F346BC300F5CE8E /* Build configuration list for PBXProject "Swift_Basics" */ = {
			isa = XCConfigurationList;
			buildConfigurations = (
				E18D2B3F1F346BC300F5CE8E /* Debug */,
				E18D2B401F346BC300F5CE8E /* Release */,
			);
			defaultConfigurationIsVisible = 0;
			defaultConfigurationName = Release;
		};
		E18D2B411F346BC300F5CE8E /* Build configuration list for PBXNativeTarget "Swift_Basics" */ = {
			isa = XCConfigurationList;
			buildConfigurations = (
				E18D2B421F346BC300F5CE8E /* Debug */,
				E18D2B431F346BC300F5CE8E /* Release */,
			);
			defaultConfigurationIsVisible = 0;
		};
		E18D2B441F346BC300F5CE8E /* Build configuration list for PBXNativeTarget "Swift_BasicsTests" */ = {
			isa = XCConfigurationList;
			buildConfigurations = (
				E18D2B451F346BC300F5CE8E /* Debug */,
				E18D2B461F346BC300F5CE8E /* Release */,
			);
			defaultConfigurationIsVisible = 0;
		};
		E18D2B471F346BC300F5CE8E /* Build configuration list for PBXNativeTarget "Swift_BasicsUITests" */ = {
			isa = XCConfigurationList;
			buildConfigurations = (
				E18D2B481F346BC300F5CE8E /* Debug */,
				E18D2B491F346BC300F5CE8E /* Release */,
			);
			defaultConfigurationIsVisible = 0;
		};
/* End XCConfigurationList section */
	};
	rootObject = E18D2B111F346BC300F5CE8E /* Project object */;
}
